
Microsoft Visual Studio Solution File, Format Version 12.00
# Visual Studio Version 17
VisualStudioVersion = 17.4.33213.308
MinimumVisualStudioVersion = 10.0.40219.1
Project("{FAE04EC0-301F-11D3-BF4B-00C04F79EFBC}") = "StudentProject", "Student\StudentProject.csproj", "{90118169-09BE-4B77-BA38-C621D3CF1E3C}"
EndProject
Project("{FAE04EC0-301F-11D3-BF4B-00C04F79EFBC}") = "MultiLevel", "MultiLevel\MultiLevel.csproj", "{2A2D44FA-5B1A-4D45-B185-9EA15C1E0AD9}"
EndProject
Project("{FAE04EC0-301F-11D3-BF4B-00C04F79EFBC}") = "Employee", "Employee\Employee.csproj", "{CE0F7540-EE2D-4D3A-9A95-B58E6541A336}"
EndProject
Project("{FAE04EC0-301F-11D3-BF4B-00C04F79EFBC}") = "Constructors_Inheritance", "Constructors_Inheritance\Constructors_Inheritance.csproj", "{70D332E0-AAA8-4BEE-81F4-D097122E2610}"
EndProject
Project("{FAE04EC0-301F-11D3-BF4B-00C04F79EFBC}") = "Abstract Class Interface EcxceptionHandling", "Abstract Class Interface EcxceptionHandling\Abstract Class Interface EcxceptionHandling.csproj", "{D80296D5-2A1E-460C-9D34-B35607C77F64}"
EndProject
Global
	GlobalSection(SolutionConfigurationPlatforms) = preSolution
		Debug|Any CPU = Debug|Any CPU
		Release|Any CPU = Release|Any CPU
	EndGlobalSection
	GlobalSection(ProjectConfigurationPlatforms) = postSolution
		{90118169-09BE-4B77-BA38-C621D3CF1E3C}.Debug|Any CPU.ActiveCfg = Debug|Any CPU
		{90118169-09BE-4B77-BA38-C621D3CF1E3C}.Debug|Any CPU.Build.0 = Debug|Any CPU
		{90118169-09BE-4B77-BA38-C621D3CF1E3C}.Release|Any CPU.ActiveCfg = Release|Any CPU
		{90118169-09BE-4B77-BA38-C621D3CF1E3C}.Release|Any CPU.Build.0 = Release|Any CPU
		{2A2D44FA-5B1A-4D45-B185-9EA15C1E0AD9}.Debug|Any CPU.ActiveCfg = Debug|Any CPU
		{2A2D44FA-5B1A-4D45-B185-9EA15C1E0AD9}.Debug|Any CPU.Build.0 = Debug|Any CPU
		{2A2D44FA-5B1A-4D45-B185-9EA15C1E0AD9}.Release|Any CPU.ActiveCfg = Release|Any CPU
		{2A2D44FA-5B1A-4D45-B185-9EA15C1E0AD9}.Release|Any CPU.Build.0 = Release|Any CPU
		{CE0F7540-EE2D-4D3A-9A95-B58E6541A336}.Debug|Any CPU.ActiveCfg = Debug|Any CPU
		{CE0F7540-EE2D-4D3A-9A95-B58E6541A336}.Debug|Any CPU.Build.0 = Debug|Any CPU
		{CE0F7540-EE2D-4D3A-9A95-B58E6541A336}.Release|Any CPU.ActiveCfg = Release|Any CPU
		{CE0F7540-EE2D-4D3A-9A95-B58E6541A336}.Release|Any CPU.Build.0 = Release|Any CPU
		{70D332E0-AAA8-4BEE-81F4-D097122E2610}.Debug|Any CPU.ActiveCfg = Debug|Any CPU
		{70D332E0-AAA8-4BEE-81F4-D097122E2610}.Debug|Any CPU.Build.0 = Debug|Any CPU
		{70D332E0-AAA8-4BEE-81F4-D097122E2610}.Release|Any CPU.ActiveCfg = Release|Any CPU
		{70D332E0-AAA8-4BEE-81F4-D097122E2610}.Release|Any CPU.Build.0 = Release|Any CPU
		{D80296D5-2A1E-460C-9D34-B35607C77F64}.Debug|Any CPU.ActiveCfg = Debug|Any CPU
		{D80296D5-2A1E-460C-9D34-B35607C77F64}.Debug|Any CPU.Build.0 = Debug|Any CPU
		{D80296D5-2A1E-460C-9D34-B35607C77F64}.Release|Any CPU.ActiveCfg = Release|Any CPU
		{D80296D5-2A1E-460C-9D34-B35607C77F64}.Release|Any CPU.Build.0 = Release|Any CPU
	EndGlobalSection
	GlobalSection(SolutionProperties) = preSolution
		HideSolutionNode = FALSE
	EndGlobalSection
	GlobalSection(ExtensibilityGlobals) = postSolution
		SolutionGuid = {1F8D0D61-7D28-4440-9F4C-FDA7E597B900}
	EndGlobalSection
EndGlobal
